{
  "name": "brave-extension-store",
  "version": "1.0.0",
  "lockfileVersion": 1,
  "requires": true,
  "dependencies": {
    "accept": {
      "version": "3.0.2",
      "resolved": "https://registry.npmjs.org/accept/-/accept-3.0.2.tgz",
      "integrity": "sha512-bghLXFkCOsC1Y2TZ51etWfKDs6q249SAoHTZVfzWWdlZxoij+mgkj9AmUJWQpDY48TfnrTDIe43Xem4zdMe7mQ==",
      "requires": {
        "boom": "7.2.0",
        "hoek": "5.0.3"
      }
    },
    "ammo": {
      "version": "3.0.1",
      "resolved": "https://registry.npmjs.org/ammo/-/ammo-3.0.1.tgz",
      "integrity": "sha512-4UqoM8xQjwkQ78oiU4NbBK0UgYqeKMAKmwE4ec7Rz3rGU8ZEBFxzgF2sUYKOAlqIXExBDYLN6y1ShF5yQ4hwLQ==",
      "requires": {
        "hoek": "5.0.3"
      }
    },
    "b64": {
      "version": "4.0.0",
      "resolved": "https://registry.npmjs.org/b64/-/b64-4.0.0.tgz",
      "integrity": "sha512-EhmUQodKB0sdzPPrbIWbGqA5cQeTWxYrAgNeeT1rLZWtD3tbNTnphz8J4vkXI3cPgBNlXBjzEbzDzq0Nwi4f9A=="
    },
    "big-time": {
      "version": "2.0.1",
      "resolved": "https://registry.npmjs.org/big-time/-/big-time-2.0.1.tgz",
      "integrity": "sha1-aMffjcMPl+lT8lpnp2rJcTwWyd4="
    },
    "boom": {
      "version": "7.2.0",
      "resolved": "https://registry.npmjs.org/boom/-/boom-7.2.0.tgz",
      "integrity": "sha1-K/8kpVVldn/ehp7ICDF+sQxI6WY=",
      "requires": {
        "hoek": "5.0.3"
      }
    },
    "bounce": {
      "version": "1.2.0",
      "resolved": "https://registry.npmjs.org/bounce/-/bounce-1.2.0.tgz",
      "integrity": "sha512-8syCGe8B2/WC53118/F/tFy5aW00j+eaGPXmAUP7iBhxc+EBZZxS1vKelWyBCH6IqojgS2t1gF0glH30qAJKEw==",
      "requires": {
        "boom": "7.2.0",
        "hoek": "5.0.3"
      }
    },
    "call": {
      "version": "5.0.1",
      "resolved": "https://registry.npmjs.org/call/-/call-5.0.1.tgz",
      "integrity": "sha512-ollfFPSshiuYLp7AsrmpkQJ/PxCi6AzV81rCjBwWhyF2QGyUY/vPDMzoh4aUcWyucheRglG2LaS5qkIEfLRh6A==",
      "requires": {
        "boom": "7.2.0",
        "hoek": "5.0.3"
      }
    },
    "catbox": {
      "version": "10.0.2",
      "resolved": "https://registry.npmjs.org/catbox/-/catbox-10.0.2.tgz",
      "integrity": "sha512-cTQTQeKMhWHU0lX8CADE3g1koGJu+AlcWFzAjMX/8P+XbkScGYw3tJsQpe2Oh8q68vOQbOLacz9k+6V/F3Z9DA==",
      "requires": {
        "boom": "7.2.0",
        "bounce": "1.2.0",
        "hoek": "5.0.3",
        "joi": "13.3.0"
      }
    },
    "catbox-memory": {
      "version": "3.1.2",
      "resolved": "https://registry.npmjs.org/catbox-memory/-/catbox-memory-3.1.2.tgz",
      "integrity": "sha512-lhWtutLVhsq3Mucxk2McxBPPibJ34WcHuWFz3xqub9u9Ve/IQYpZv3ijLhQXfQped9DXozURiaq9O3aZpP91eg==",
      "requires": {
        "big-time": "2.0.1",
        "boom": "7.2.0",
        "hoek": "5.0.3"
      }
    },
    "content": {
      "version": "4.0.5",
      "resolved": "https://registry.npmjs.org/content/-/content-4.0.5.tgz",
      "integrity": "sha512-wDP6CTWDpwCf791fNxlCCkZGRkrNzSEU/8ju9Hnr3Uc5mF/gFR5W+fcoGm6zUSlVPdSXYn5pCbySADKj7YM4Cg==",
      "requires": {
        "boom": "7.2.0"
      }
    },
    "cryptiles": {
      "version": "4.1.1",
      "resolved": "https://registry.npmjs.org/cryptiles/-/cryptiles-4.1.1.tgz",
      "integrity": "sha512-YuQUPbcOmaZsdvxJZ25DCA1W+lLIRoPJKBDKin+St1RCYEERSfoe1d25B1MvWNHN3e8SpFSVsqYvEUjp8J9H2w==",
      "requires": {
        "boom": "7.2.0"
      }
    },
    "hapi": {
      "version": "17.5.0",
      "resolved": "https://registry.npmjs.org/hapi/-/hapi-17.5.0.tgz",
      "integrity": "sha512-/btV0jpXb8ldoywsAt+FZg3qUVCx2ZjeA29Mluo3w/gcCJtzUnZfGALS8xR3d2ssVySm7JXVqeepy37Z02gJLQ==",
      "requires": {
        "accept": "3.0.2",
        "ammo": "3.0.1",
        "boom": "7.2.0",
        "bounce": "1.2.0",
        "call": "5.0.1",
        "catbox": "10.0.2",
        "catbox-memory": "3.1.2",
        "heavy": "6.1.0",
        "hoek": "5.0.3",
        "joi": "13.3.0",
        "mimos": "4.0.0",
        "podium": "3.1.2",
        "shot": "4.0.5",
        "statehood": "6.0.6",
        "subtext": "6.0.7",
        "teamwork": "3.0.1",
        "topo": "3.0.0"
      }
    },
    "heavy": {
      "version": "6.1.0",
      "resolved": "https://registry.npmjs.org/heavy/-/heavy-6.1.0.tgz",
      "integrity": "sha512-TKS9DC9NOTGulHQI31Lx+bmeWmNOstbJbGMiN3pX6bF+Zc2GKSpbbym4oasNnB6yPGkqJ9TQXXYDGohqNSJRxA==",
      "requires": {
        "boom": "7.2.0",
        "hoek": "5.0.3",
        "joi": "13.3.0"
      }
    },
    "hoek": {
      "version": "5.0.3",
      "resolved": "https://registry.npmjs.org/hoek/-/hoek-5.0.3.tgz",
      "integrity": "sha512-Bmr56pxML1c9kU+NS51SMFkiVQAb+9uFfXwyqR2tn4w2FPvmPt65eZ9aCcEfRXd9G74HkZnILC6p967pED4aiw=="
    },
    "inert": {
      "version": "5.1.0",
      "resolved": "https://registry.npmjs.org/inert/-/inert-5.1.0.tgz",
      "integrity": "sha512-5rJZbezGEkBN4QrP/HEEwsQ0N+7YzqDZrvBZrE7B0CrNY6I4XKI434aL3UNLCmbI4HzPGQs7Ae/4h1tiTMJ6Wg==",
      "requires": {
        "ammo": "3.0.1",
        "boom": "7.2.0",
        "bounce": "1.2.0",
        "hoek": "5.0.3",
        "joi": "13.3.0",
        "lru-cache": "4.1.3"
      }
    },
    "iron": {
      "version": "5.0.4",
      "resolved": "https://registry.npmjs.org/iron/-/iron-5.0.4.tgz",
      "integrity": "sha512-7iQ5/xFMIYaNt9g2oiNiWdhrOTdRUMFaWENUd0KghxwPUhrIH8DUY8FEyLNTTzf75jaII+jMexLdY/2HfV61RQ==",
      "requires": {
        "boom": "7.2.0",
        "cryptiles": "4.1.1",
        "hoek": "5.0.3"
      }
    },
    "isemail": {
      "version": "3.1.2",
      "resolved": "https://registry.npmjs.org/isemail/-/isemail-3.1.2.tgz",
      "integrity": "sha512-zfRhJn9rFSGhzU5tGZqepRSAj3+g6oTOHxMGGriWNJZzyLPUK8H7VHpqKntegnW8KLyGA9zwuNaCoopl40LTpg==",
      "requires": {
        "punycode": "2.1.1"
      }
    },
    "joi": {
      "version": "13.3.0",
      "resolved": "https://registry.npmjs.org/joi/-/joi-13.3.0.tgz",
      "integrity": "sha512-iF6jEYVfBIoYXztYymia1JfuoVbxBNuOcwdbsdoGin9/jjhBLhonKmfTQOvePss8r8v4tU4JOcNmYPHZzKEFag==",
      "requires": {
        "hoek": "5.0.3",
        "isemail": "3.1.2",
        "topo": "3.0.0"
      }
    },
    "lru-cache": {
      "version": "4.1.3",
      "resolved": "https://registry.npmjs.org/lru-cache/-/lru-cache-4.1.3.tgz",
      "integrity": "sha512-fFEhvcgzuIoJVUF8fYr5KR0YqxD238zgObTps31YdADwPPAp82a4M8TrckkWyx7ekNlf9aBcVn81cFwwXngrJA==",
      "requires": {
        "pseudomap": "1.0.2",
        "yallist": "2.1.2"
      }
    },
    "mime-db": {
      "version": "1.33.0",
      "resolved": "https://registry.npmjs.org/mime-db/-/mime-db-1.33.0.tgz",
      "integrity": "sha512-BHJ/EKruNIqJf/QahvxwQZXKygOQ256myeN/Ew+THcAa5q+PjyTTMMeNQC4DZw5AwfvelsUrA6B67NKMqXDbzQ=="
    },
    "mimos": {
      "version": "4.0.0",
      "resolved": "https://registry.npmjs.org/mimos/-/mimos-4.0.0.tgz",
      "integrity": "sha512-JvlvRLqGIlk+AYypWrbrDmhsM+6JVx/xBM5S3AMwTBz1trPCEoPN/swO2L4Wu653fL7oJdgk8DMQyG/Gq3JkZg==",
      "requires": {
        "hoek": "5.0.3",
        "mime-db": "1.33.0"
      }
    },
    "nan": {
      "version": "2.7.0",
      "resolved": "https://registry.npmjs.org/nan/-/nan-2.7.0.tgz",
      "integrity": "sha1-2Vv3IeyHfgjbJ27T/G63j5CDrUY="
    },
    "nigel": {
      "version": "3.0.1",
      "resolved": "https://registry.npmjs.org/nigel/-/nigel-3.0.1.tgz",
      "integrity": "sha512-kCVtUG9JyD//tsYrZY+/Y+2gUrANVSba8y23QkM5Znx0FOxlnl9Z4OVPBODmstKWTOvigfTO+Va1VPOu3eWSOQ==",
      "requires": {
        "hoek": "5.0.3",
        "vise": "3.0.0"
      }
    },
    "pez": {
      "version": "4.0.2",
      "resolved": "https://registry.npmjs.org/pez/-/pez-4.0.2.tgz",
      "integrity": "sha512-HuPxmGxHsEFPWhdkwBs2gIrHhFqktIxMtudISTFN95RQ85ZZAOl8Ki6u3nnN/X8OUaGlIGldk/l8p2IR4/i76w==",
      "requires": {
        "b64": "4.0.0",
        "boom": "7.2.0",
        "content": "4.0.5",
        "hoek": "5.0.3",
        "nigel": "3.0.1"
      }
    },
    "podium": {
      "version": "3.1.2",
      "resolved": "https://registry.npmjs.org/podium/-/podium-3.1.2.tgz",
      "integrity": "sha512-18VrjJAduIdPv7d9zWsfmKxTj3cQTYC5Pv5gtKxcWujYBpGbV+mhNSPYhlHW5xeWoazYyKfB9FEsPT12r5rY1A==",
      "requires": {
        "hoek": "5.0.3",
        "joi": "13.3.0"
      }
    },
    "pseudomap": {
      "version": "1.0.2",
      "resolved": "https://registry.npmjs.org/pseudomap/-/pseudomap-1.0.2.tgz",
      "integrity": "sha1-8FKijacOYYkX7wqKw0wa5aaChrM="
    },
    "punycode": {
      "version": "2.1.1",
      "resolved": "https://registry.npmjs.org/punycode/-/punycode-2.1.1.tgz",
      "integrity": "sha512-XRsRjdf+j5ml+y/6GKHPZbrF/8p2Yga0JPtdqTIY2Xe5ohJPD9saDJJLPvp9+NSBprVvevdXZybnj2cv8OEd0A=="
    },
    "shot": {
      "version": "4.0.5",
      "resolved": "https://registry.npmjs.org/shot/-/shot-4.0.5.tgz",
      "integrity": "sha1-x+dFXRHWD2ts08Q+FaO0McF+VWY=",
      "requires": {
        "hoek": "5.0.3",
        "joi": "13.3.0"
      }
    },
    "sqlite3": {
      "version": "3.1.13",
      "resolved": "https://registry.npmjs.org/sqlite3/-/sqlite3-3.1.13.tgz",
      "integrity": "sha512-JxXKPJnkZ6NuHRojq+g2WXWBt3M1G9sjZaYiHEWSTGijDM3cwju/0T2XbWqMXFmPqDgw+iB7zKQvnns4bvzXlw==",
      "requires": {
        "nan": "2.7.0",
        "node-pre-gyp": "0.6.38"
      },
      "dependencies": {
        "abbrev": {
          "version": "1.1.1",
          "bundled": true
        },
        "ajv": {
          "version": "4.11.8",
          "bundled": true,
          "requires": {
            "co": "4.6.0",
            "json-stable-stringify": "1.0.1"
          }
        },
        "ansi-regex": {
          "version": "2.1.1",
          "bundled": true
        },
        "aproba": {
          "version": "1.2.0",
          "bundled": true
        },
        "are-we-there-yet": {
          "version": "1.1.4",
          "bundled": true,
          "requires": {
            "delegates": "1.0.0",
            "readable-stream": "2.3.3"
          }
        },
        "asn1": {
          "version": "0.2.3",
          "bundled": true
        },
        "assert-plus": {
          "version": "0.2.0",
          "bundled": true
        },
        "asynckit": {
          "version": "0.4.0",
          "bundled": true
        },
        "aws-sign2": {
          "version": "0.6.0",
          "bundled": true
        },
        "aws4": {
          "version": "1.6.0",
          "bundled": true
        },
        "balanced-match": {
          "version": "1.0.0",
          "bundled": true
        },
        "bcrypt-pbkdf": {
          "version": "1.0.1",
          "bundled": true,
          "optional": true,
          "requires": {
            "tweetnacl": "0.14.5"
          }
        },
        "block-stream": {
          "version": "0.0.9",
          "bundled": true,
          "requires": {
            "inherits": "2.0.3"
          }
        },
        "boom": {
          "version": "2.10.1",
          "bundled": true,
          "requires": {
            "hoek": "2.16.3"
          }
        },
        "brace-expansion": {
          "version": "1.1.8",
          "bundled": true,
          "requires": {
            "balanced-match": "1.0.0",
            "concat-map": "0.0.1"
          }
        },
        "caseless": {
          "version": "0.12.0",
          "bundled": true
        },
        "co": {
          "version": "4.6.0",
          "bundled": true
        },
        "code-point-at": {
          "version": "1.1.0",
          "bundled": true
        },
        "combined-stream": {
          "version": "1.0.5",
          "bundled": true,
          "requires": {
            "delayed-stream": "1.0.0"
          }
        },
        "concat-map": {
          "version": "0.0.1",
          "bundled": true
        },
        "console-control-strings": {
          "version": "1.1.0",
          "bundled": true
        },
        "core-util-is": {
          "version": "1.0.2",
          "bundled": true
        },
        "cryptiles": {
          "version": "2.0.5",
          "bundled": true,
          "requires": {
            "boom": "2.10.1"
          }
        },
        "dashdash": {
          "version": "1.14.1",
          "bundled": true,
          "requires": {
            "assert-plus": "1.0.0"
          },
          "dependencies": {
            "assert-plus": {
              "version": "1.0.0",
              "bundled": true
            }
          }
        },
        "debug": {
          "version": "2.6.9",
          "bundled": true,
          "requires": {
            "ms": "2.0.0"
          }
        },
        "deep-extend": {
          "version": "0.4.2",
          "bundled": true
        },
        "delayed-stream": {
          "version": "1.0.0",
          "bundled": true
        },
        "delegates": {
          "version": "1.0.0",
          "bundled": true
        },
        "ecc-jsbn": {
          "version": "0.1.1",
          "bundled": true,
          "optional": true,
          "requires": {
            "jsbn": "0.1.1"
          }
        },
        "extend": {
          "version": "3.0.1",
          "bundled": true
        },
        "extsprintf": {
          "version": "1.3.0",
          "bundled": true
        },
        "forever-agent": {
          "version": "0.6.1",
          "bundled": true
        },
        "form-data": {
          "version": "2.1.4",
          "bundled": true,
          "requires": {
            "asynckit": "0.4.0",
            "combined-stream": "1.0.5",
            "mime-types": "2.1.17"
          }
        },
        "fs.realpath": {
          "version": "1.0.0",
          "bundled": true
        },
        "fstream": {
          "version": "1.0.11",
          "bundled": true,
          "requires": {
            "graceful-fs": "4.1.11",
            "inherits": "2.0.3",
            "mkdirp": "0.5.1",
            "rimraf": "2.6.2"
          }
        },
        "fstream-ignore": {
          "version": "1.0.5",
          "bundled": true,
          "requires": {
            "fstream": "1.0.11",
            "inherits": "2.0.3",
            "minimatch": "3.0.4"
          }
        },
        "gauge": {
          "version": "2.7.4",
          "bundled": true,
          "requires": {
            "aproba": "1.2.0",
            "console-control-strings": "1.1.0",
            "has-unicode": "2.0.1",
            "object-assign": "4.1.1",
            "signal-exit": "3.0.2",
            "string-width": "1.0.2",
            "strip-ansi": "3.0.1",
            "wide-align": "1.1.2"
          }
        },
        "getpass": {
          "version": "0.1.7",
          "bundled": true,
          "requires": {
            "assert-plus": "1.0.0"
          },
          "dependencies": {
            "assert-plus": {
              "version": "1.0.0",
              "bundled": true
            }
          }
        },
        "glob": {
          "version": "7.1.2",
          "bundled": true,
          "requires": {
            "fs.realpath": "1.0.0",
            "inflight": "1.0.6",
            "inherits": "2.0.3",
            "minimatch": "3.0.4",
            "once": "1.4.0",
            "path-is-absolute": "1.0.1"
          }
        },
        "graceful-fs": {
          "version": "4.1.11",
          "bundled": true
        },
        "har-schema": {
          "version": "1.0.5",
          "bundled": true
        },
        "har-validator": {
          "version": "4.2.1",
          "bundled": true,
          "requires": {
            "ajv": "4.11.8",
            "har-schema": "1.0.5"
          }
        },
        "has-unicode": {
          "version": "2.0.1",
          "bundled": true
        },
        "hawk": {
          "version": "3.1.3",
          "bundled": true,
          "requires": {
            "boom": "2.10.1",
            "cryptiles": "2.0.5",
            "hoek": "2.16.3",
            "sntp": "1.0.9"
          }
        },
        "hoek": {
          "version": "2.16.3",
          "bundled": true
        },
        "http-signature": {
          "version": "1.1.1",
          "bundled": true,
          "requires": {
            "assert-plus": "0.2.0",
            "jsprim": "1.4.1",
            "sshpk": "1.13.1"
          }
        },
        "inflight": {
          "version": "1.0.6",
          "bundled": true,
          "requires": {
            "once": "1.4.0",
            "wrappy": "1.0.2"
          }
        },
        "inherits": {
          "version": "2.0.3",
          "bundled": true
        },
        "ini": {
          "version": "1.3.4",
          "bundled": true
        },
        "is-fullwidth-code-point": {
          "version": "1.0.0",
          "bundled": true,
          "requires": {
            "number-is-nan": "1.0.1"
          }
        },
        "is-typedarray": {
          "version": "1.0.0",
          "bundled": true
        },
        "isarray": {
          "version": "1.0.0",
          "bundled": true
        },
        "isstream": {
          "version": "0.1.2",
          "bundled": true
        },
        "jsbn": {
          "version": "0.1.1",
          "bundled": true,
          "optional": true
        },
        "json-schema": {
          "version": "0.2.3",
          "bundled": true
        },
        "json-stable-stringify": {
          "version": "1.0.1",
          "bundled": true,
          "requires": {
            "jsonify": "0.0.0"
          }
        },
        "json-stringify-safe": {
          "version": "5.0.1",
          "bundled": true
        },
        "jsonify": {
          "version": "0.0.0",
          "bundled": true
        },
        "jsprim": {
          "version": "1.4.1",
          "bundled": true,
          "requires": {
            "assert-plus": "1.0.0",
            "extsprintf": "1.3.0",
            "json-schema": "0.2.3",
            "verror": "1.10.0"
          },
          "dependencies": {
            "assert-plus": {
              "version": "1.0.0",
              "bundled": true
            }
          }
        },
        "mime-db": {
          "version": "1.30.0",
          "bundled": true
        },
        "mime-types": {
          "version": "2.1.17",
          "bundled": true,
          "requires": {
            "mime-db": "1.30.0"
          }
        },
        "minimatch": {
          "version": "3.0.4",
          "bundled": true,
          "requires": {
            "brace-expansion": "1.1.8"
          }
        },
        "minimist": {
          "version": "0.0.8",
          "bundled": true
        },
        "mkdirp": {
          "version": "0.5.1",
          "bundled": true,
          "requires": {
            "minimist": "0.0.8"
          }
        },
        "ms": {
          "version": "2.0.0",
          "bundled": true
        },
        "node-pre-gyp": {
          "version": "0.6.38",
          "bundled": true,
          "requires": {
            "hawk": "3.1.3",
            "mkdirp": "0.5.1",
            "nopt": "4.0.1",
            "npmlog": "4.1.2",
            "rc": "1.2.1",
            "request": "2.81.0",
            "rimraf": "2.6.2",
            "semver": "5.4.1",
            "tar": "2.2.1",
            "tar-pack": "3.4.0"
          }
        },
        "nopt": {
          "version": "4.0.1",
          "bundled": true,
          "requires": {
            "abbrev": "1.1.1",
            "osenv": "0.1.4"
          }
        },
        "npmlog": {
          "version": "4.1.2",
          "bundled": true,
          "requires": {
            "are-we-there-yet": "1.1.4",
            "console-control-strings": "1.1.0",
            "gauge": "2.7.4",
            "set-blocking": "2.0.0"
          }
        },
        "number-is-nan": {
          "version": "1.0.1",
          "bundled": true
        },
        "oauth-sign": {
          "version": "0.8.2",
          "bundled": true
        },
        "object-assign": {
          "version": "4.1.1",
          "bundled": true
        },
        "once": {
          "version": "1.4.0",
          "bundled": true,
          "requires": {
            "wrappy": "1.0.2"
          }
        },
        "os-homedir": {
          "version": "1.0.2",
          "bundled": true
        },
        "os-tmpdir": {
          "version": "1.0.2",
          "bundled": true
        },
        "osenv": {
          "version": "0.1.4",
          "bundled": true,
          "requires": {
            "os-homedir": "1.0.2",
            "os-tmpdir": "1.0.2"
          }
        },
        "path-is-absolute": {
          "version": "1.0.1",
          "bundled": true
        },
        "performance-now": {
          "version": "0.2.0",
          "bundled": true
        },
        "process-nextick-args": {
          "version": "1.0.7",
          "bundled": true
        },
        "punycode": {
          "version": "1.4.1",
          "bundled": true
        },
        "qs": {
          "version": "6.4.0",
          "bundled": true
        },
        "rc": {
          "version": "1.2.1",
          "bundled": true,
          "requires": {
            "deep-extend": "0.4.2",
            "ini": "1.3.4",
            "minimist": "1.2.0",
            "strip-json-comments": "2.0.1"
          },
          "dependencies": {
            "minimist": {
              "version": "1.2.0",
              "bundled": true
            }
          }
        },
        "readable-stream": {
          "version": "2.3.3",
          "bundled": true,
          "requires": {
            "core-util-is": "1.0.2",
            "inherits": "2.0.3",
            "isarray": "1.0.0",
            "process-nextick-args": "1.0.7",
            "safe-buffer": "5.1.1",
            "string_decoder": "1.0.3",
            "util-deprecate": "1.0.2"
          }
        },
        "request": {
          "version": "2.81.0",
          "bundled": true,
          "requires": {
            "aws-sign2": "0.6.0",
            "aws4": "1.6.0",
            "caseless": "0.12.0",
            "combined-stream": "1.0.5",
            "extend": "3.0.1",
            "forever-agent": "0.6.1",
            "form-data": "2.1.4",
            "har-validator": "4.2.1",
            "hawk": "3.1.3",
            "http-signature": "1.1.1",
            "is-typedarray": "1.0.0",
            "isstream": "0.1.2",
            "json-stringify-safe": "5.0.1",
            "mime-types": "2.1.17",
            "oauth-sign": "0.8.2",
            "performance-now": "0.2.0",
            "qs": "6.4.0",
            "safe-buffer": "5.1.1",
            "stringstream": "0.0.5",
            "tough-cookie": "2.3.3",
            "tunnel-agent": "0.6.0",
            "uuid": "3.1.0"
          }
        },
        "rimraf": {
          "version": "2.6.2",
          "bundled": true,
          "requires": {
            "glob": "7.1.2"
          }
        },
        "safe-buffer": {
          "version": "5.1.1",
          "bundled": true
        },
        "semver": {
          "version": "5.4.1",
          "bundled": true
        },
        "set-blocking": {
          "version": "2.0.0",
          "bundled": true
        },
        "signal-exit": {
          "version": "3.0.2",
          "bundled": true
        },
        "sntp": {
          "version": "1.0.9",
          "bundled": true,
          "requires": {
            "hoek": "2.16.3"
          }
        },
        "sshpk": {
          "version": "1.13.1",
          "bundled": true,
          "requires": {
            "asn1": "0.2.3",
            "assert-plus": "1.0.0",
            "bcrypt-pbkdf": "1.0.1",
            "dashdash": "1.14.1",
            "ecc-jsbn": "0.1.1",
            "getpass": "0.1.7",
            "jsbn": "0.1.1",
            "tweetnacl": "0.14.5"
          },
          "dependencies": {
            "assert-plus": {
              "version": "1.0.0",
              "bundled": true
            }
          }
        },
        "string-width": {
          "version": "1.0.2",
          "bundled": true,
          "requires": {
            "code-point-at": "1.1.0",
            "is-fullwidth-code-point": "1.0.0",
            "strip-ansi": "3.0.1"
          }
        },
        "string_decoder": {
          "version": "1.0.3",
          "bundled": true,
          "requires": {
            "safe-buffer": "5.1.1"
          }
        },
        "stringstream": {
          "version": "0.0.5",
          "bundled": true
        },
        "strip-ansi": {
          "version": "3.0.1",
          "bundled": true,
          "requires": {
            "ansi-regex": "2.1.1"
          }
        },
        "strip-json-comments": {
          "version": "2.0.1",
          "bundled": true
        },
        "tar": {
          "version": "2.2.1",
          "bundled": true,
          "requires": {
            "block-stream": "0.0.9",
            "fstream": "1.0.11",
            "inherits": "2.0.3"
          }
        },
        "tar-pack": {
          "version": "3.4.0",
          "bundled": true,
          "requires": {
            "debug": "2.6.9",
            "fstream": "1.0.11",
            "fstream-ignore": "1.0.5",
            "once": "1.4.0",
            "readable-stream": "2.3.3",
            "rimraf": "2.6.2",
            "tar": "2.2.1",
            "uid-number": "0.0.6"
          }
        },
        "tough-cookie": {
          "version": "2.3.3",
          "bundled": true,
          "requires": {
            "punycode": "1.4.1"
          }
        },
        "tunnel-agent": {
          "version": "0.6.0",
          "bundled": true,
          "requires": {
            "safe-buffer": "5.1.1"
          }
        },
        "tweetnacl": {
          "version": "0.14.5",
          "bundled": true,
          "optional": true
        },
        "uid-number": {
          "version": "0.0.6",
          "bundled": true
        },
        "util-deprecate": {
          "version": "1.0.2",
          "bundled": true
        },
        "uuid": {
          "version": "3.1.0",
          "bundled": true
        },
        "verror": {
          "version": "1.10.0",
          "bundled": true,
          "requires": {
            "assert-plus": "1.0.0",
            "core-util-is": "1.0.2",
            "extsprintf": "1.3.0"
          },
          "dependencies": {
            "assert-plus": {
              "version": "1.0.0",
              "bundled": true
            }
          }
        },
        "wide-align": {
          "version": "1.1.2",
          "bundled": true,
          "requires": {
            "string-width": "1.0.2"
          }
        },
        "wrappy": {
          "version": "1.0.2",
          "bundled": true
        }
      }
    },
    "statehood": {
      "version": "6.0.6",
      "resolved": "https://registry.npmjs.org/statehood/-/statehood-6.0.6.tgz",
      "integrity": "sha512-jR45n5ZMAkasw0xoE9j9TuLmJv4Sa3AkXe+6yIFT6a07kXYHgSbuD2OVGECdZGFxTmvNqLwL1iRIgvq6O6rq+A==",
      "requires": {
        "boom": "7.2.0",
        "bounce": "1.2.0",
        "cryptiles": "4.1.1",
        "hoek": "5.0.3",
        "iron": "5.0.4",
        "joi": "13.3.0"
      }
    },
    "subtext": {
      "version": "6.0.7",
      "resolved": "https://registry.npmjs.org/subtext/-/subtext-6.0.7.tgz",
      "integrity": "sha512-IcJUvRjeR+NB437Iq+LORFNJW4L6Knqkj3oQrBrkdhIaS2VKJvx/9aYEq7vi+PEx5/OuehOL/40SkSZotLi/MA==",
      "requires": {
        "boom": "7.2.0",
        "content": "4.0.5",
        "hoek": "5.0.3",
        "pez": "4.0.2",
        "wreck": "14.0.2"
      }
    },
    "teamwork": {
      "version": "3.0.1",
      "resolved": "https://registry.npmjs.org/teamwork/-/teamwork-3.0.1.tgz",
      "integrity": "sha512-hEkJIpDOfOYe9NYaLFk00zQbzZeKNCY8T2pRH3I13Y1mJwxaSQ6NEsjY5rCp+11ezCiZpWGoGFTbOuhg4qKevQ=="
    },
    "topo": {
      "version": "3.0.0",
      "resolved": "https://registry.npmjs.org/topo/-/topo-3.0.0.tgz",
      "integrity": "sha512-Tlu1fGlR90iCdIPURqPiufqAlCZYzLjHYVVbcFWDMcX7+tK8hdZWAfsMrD/pBul9jqHHwFjNdf1WaxA9vTRRhw==",
      "requires": {
        "hoek": "5.0.3"
      }
    },
    "vise": {
      "version": "3.0.0",
      "resolved": "https://registry.npmjs.org/vise/-/vise-3.0.0.tgz",
      "integrity": "sha512-kBFZLmiL1Vm3rHXphkhvvAcsjgeQXRrOFCbJb0I50YZZP4HGRNH+xGzK3matIMcpbsfr3I02u9odj4oCD0TWgA==",
      "requires": {
        "hoek": "5.0.3"
      }
    },
    "wreck": {
      "version": "14.0.2",
      "resolved": "https://registry.npmjs.org/wreck/-/wreck-14.0.2.tgz",
      "integrity": "sha512-QCm3omWNJUseqrSzwX2QZi1rBbmCfbFHJAXputLLyZ37VSiFnSYQB0ms/mPnSvrlIu7GVm89Y/gBNhSY26uVIQ==",
      "requires": {
        "boom": "7.2.0",
        "hoek": "5.0.3"
      }
    },
    "yallist": {
      "version": "2.1.2",
      "resolved": "https://registry.npmjs.org/yallist/-/yallist-2.1.2.tgz",
      "integrity": "sha1-HBH5IY8HYImkfdUS+TxmmaaoHVI="
    }
  }
}
